
Microsoft Visual Studio Solution File, Format Version 12.00
Project("{FAE04EC0-301F-11D3-BF4B-00C04F79EFBC}") = "WebApiTemplate", "WebApiTemplate\WebApiTemplate.csproj", "{152F5A6C-DF44-44E7-B36E-721C71ACCE44}"
EndProject
Global
	GlobalSection(SolutionConfigurationPlatforms) = preSolution
		Debug|Any CPU = Debug|Any CPU
		Release|Any CPU = Release|Any CPU
	EndGlobalSection
	GlobalSection(ProjectConfigurationPlatforms) = postSolution
		{152F5A6C-DF44-44E7-B36E-721C71ACCE44}.Debug|Any CPU.ActiveCfg = Debug|Any CPU
		{152F5A6C-DF44-44E7-B36E-721C71ACCE44}.Debug|Any CPU.Build.0 = Debug|Any CPU
		{152F5A6C-DF44-44E7-B36E-721C71ACCE44}.Release|Any CPU.ActiveCfg = Release|Any CPU
		{152F5A6C-DF44-44E7-B36E-721C71ACCE44}.Release|Any CPU.Build.0 = Release|Any CPU
	EndGlobalSection
EndGlobal
